// !$*UTF8*$!
{
	archiveVersion = 1;
	classes = {
	};
	objectVersion = 55;
	objects = {

/* Begin PBXBuildFile section */
		F4CD6EC228B03BDD00BB1B91 /* UserImage.swift in Sources */ = {isa = PBXBuildFile; fileRef = F4CD6EC128B03BDD00BB1B91 /* UserImage.swift */; };
		F4CD6EC628B041EC00BB1B91 /* FileManager-DocDirectory.swift in Sources */ = {isa = PBXBuildFile; fileRef = F4CD6EC528B041EC00BB1B91 /* FileManager-DocDirectory.swift */; };
		F4CD6EC928B0538F00BB1B91 /* ContentView-ViewModel.swift in Sources */ = {isa = PBXBuildFile; fileRef = F4CD6EC828B0538F00BB1B91 /* ContentView-ViewModel.swift */; };
		F4D7022928AEC6C6009DB0CC /* ChallengeDay77App.swift in Sources */ = {isa = PBXBuildFile; fileRef = F4D7022828AEC6C6009DB0CC /* ChallengeDay77App.swift */; };
		F4D7022B28AEC6C6009DB0CC /* ContentView.swift in Sources */ = {isa = PBXBuildFile; fileRef = F4D7022A28AEC6C6009DB0CC /* ContentView.swift */; };
		F4D7022D28AEC6C9009DB0CC /* Assets.xcassets in Resources */ = {isa = PBXBuildFile; fileRef = F4D7022C28AEC6C9009DB0CC /* Assets.xcassets */; };
		F4D7023028AEC6C9009DB0CC /* Preview Assets.xcassets in Resources */ = {isa = PBXBuildFile; fileRef = F4D7022F28AEC6C9009DB0CC /* Preview Assets.xcassets */; };
		F4D7023928AEC88E009DB0CC /* ImagePicker.swift in Sources */ = {isa = PBXBuildFile; fileRef = F4D7023828AEC88E009DB0CC /* ImagePicker.swift */; };
		F4D7023B28AEED28009DB0CC /* SelectImageView.swift in Sources */ = {isa = PBXBuildFile; fileRef = F4D7023A28AEED28009DB0CC /* SelectImageView.swift */; };
		F4D7023D28AEF39A009DB0CC /* ImageView.swift in Sources */ = {isa = PBXBuildFile; fileRef = F4D7023C28AEF39A009DB0CC /* ImageView.swift */; };
/* End PBXBuildFile section */

/* Begin PBXFileReference section */
		F4CD6EC128B03BDD00BB1B91 /* UserImage.swift */ = {isa = PBXFileReference; lastKnownFileType = sourcecode.swift; path = UserImage.swift; sourceTree = "<group>"; };
		F4CD6EC528B041EC00BB1B91 /* FileManager-DocDirectory.swift */ = {isa = PBXFileReference; lastKnownFileType = sourcecode.swift; path = "FileManager-DocDirectory.swift"; sourceTree = "<group>"; };
		F4CD6EC828B0538F00BB1B91 /* ContentView-ViewModel.swift */ = {isa = PBXFileReference; lastKnownFileType = sourcecode.swift; path = "ContentView-ViewModel.swift"; sourceTree = "<group>"; };
		F4D7022528AEC6C6009DB0CC /* ChallengeDay77.app */ = {isa = PBXFileReference; explicitFileType = wrapper.application; includeInIndex = 0; path = ChallengeDay77.app; sourceTree = BUILT_PRODUCTS_DIR; };
		F4D7022828AEC6C6009DB0CC /* ChallengeDay77App.swift */ = {isa = PBXFileReference; lastKnownFileType = sourcecode.swift; path = ChallengeDay77App.swift; sourceTree = "<group>"; };
		F4D7022A28AEC6C6009DB0CC /* ContentView.swift */ = {isa = PBXFileReference; lastKnownFileType = sourcecode.swift; path = ContentView.swift; sourceTree = "<group>"; };
		F4D7022C28AEC6C9009DB0CC /* Assets.xcassets */ = {isa = PBXFileReference; lastKnownFileType = folder.assetcatalog; path = Assets.xcassets; sourceTree = "<group>"; };
		F4D7022F28AEC6C9009DB0CC /* Preview Assets.xcassets */ = {isa = PBXFileReference; lastKnownFileType = folder.assetcatalog; path = "Preview Assets.xcassets"; sourceTree = "<group>"; };
		F4D7023828AEC88E009DB0CC /* ImagePicker.swift */ = {isa = PBXFileReference; fileEncoding = 4; lastKnownFileType = sourcecode.swift; name = ImagePicker.swift; path = ../../Instafilter/Instafilter/ImagePicker.swift; sourceTree = "<group>"; };
		F4D7023A28AEED28009DB0CC /* SelectImageView.swift */ = {isa = PBXFileReference; lastKnownFileType = sourcecode.swift; path = SelectImageView.swift; sourceTree = "<group>"; };
		F4D7023C28AEF39A009DB0CC /* ImageView.swift */ = {isa = PBXFileReference; lastKnownFileType = sourcecode.swift; path = ImageView.swift; sourceTree = "<group>"; };
/* End PBXFileReference section */

/* Begin PBXFrameworksBuildPhase section */
		F4D7022228AEC6C6009DB0CC /* Frameworks */ = {
			isa = PBXFrameworksBuildPhase;
			buildActionMask = 2147483647;
			files = (
			);
			runOnlyForDeploymentPostprocessing = 0;
		};
/* End PBXFrameworksBuildPhase section */

/* Begin PBXGroup section */
		F4CD6EC728B043A400BB1B91 /* Model */ = {
			isa = PBXGroup;
			children = (
				F4CD6EC128B03BDD00BB1B91 /* UserImage.swift */,
			);
			path = Model;
			sourceTree = "<group>";
		};
		F4D7021C28AEC6C6009DB0CC = {
			isa = PBXGroup;
			children = (
				F4D7022728AEC6C6009DB0CC /* ChallengeDay77 */,
				F4D7022628AEC6C6009DB0CC /* Products */,
			);
			sourceTree = "<group>";
		};
		F4D7022628AEC6C6009DB0CC /* Products */ = {
			isa = PBXGroup;
			children = (
				F4D7022528AEC6C6009DB0CC /* ChallengeDay77.app */,
			);
			name = Products;
			sourceTree = "<group>";
		};
		F4D7022728AEC6C6009DB0CC /* ChallengeDay77 */ = {
			isa = PBXGroup;
			children = (
				F4CD6EC728B043A400BB1B91 /* Model */,
				F4D7022828AEC6C6009DB0CC /* ChallengeDay77App.swift */,
				F4D7022A28AEC6C6009DB0CC /* ContentView.swift */,
				F4CD6EC828B0538F00BB1B91 /* ContentView-ViewModel.swift */,
				F4CD6EC528B041EC00BB1B91 /* FileManager-DocDirectory.swift */,
				F4D7023C28AEF39A009DB0CC /* ImageView.swift */,
				F4D7023A28AEED28009DB0CC /* SelectImageView.swift */,
				F4D7023828AEC88E009DB0CC /* ImagePicker.swift */,
				F4D7022C28AEC6C9009DB0CC /* Assets.xcassets */,
				F4D7022E28AEC6C9009DB0CC /* Preview Content */,
			);
			path = ChallengeDay77;
			sourceTree = "<group>";
		};
		F4D7022E28AEC6C9009DB0CC /* Preview Content */ = {
			isa = PBXGroup;
			children = (
				F4D7022F28AEC6C9009DB0CC /* Preview Assets.xcassets */,
			);
			path = "Preview Content";
			sourceTree = "<group>";
		};
/* End PBXGroup section */

/* Begin PBXNativeTarget section */
		F4D7022428AEC6C6009DB0CC /* ChallengeDay77 */ = {
			isa = PBXNativeTarget;
			buildConfigurationList = F4D7023328AEC6C9009DB0CC /* Build configuration list for PBXNativeTarget "ChallengeDay77" */;
			buildPhases = (
				F4D7022128AEC6C6009DB0CC /* Sources */,
				F4D7022228AEC6C6009DB0CC /* Frameworks */,
				F4D7022328AEC6C6009DB0CC /* Resources */,
			);
			buildRules = (
			);
			dependencies = (
			);
			name = ChallengeDay77;
			productName = ChallengeDay77;
			productReference = F4D7022528AEC6C6009DB0CC /* ChallengeDay77.app */;
			productType = "com.apple.product-type.application";
		};
/* End PBXNativeTarget section */

/* Begin PBXProject section */
		F4D7021D28AEC6C6009DB0CC /* Project object */ = {
			isa = PBXProject;
			attributes = {
				BuildIndependentTargetsInParallel = 1;
				LastSwiftUpdateCheck = 1340;
				LastUpgradeCheck = 1340;
				TargetAttributes = {
					F4D7022428AEC6C6009DB0CC = {
						CreatedOnToolsVersion = 13.4.1;
					};
				};
			};
			buildConfigurationList = F4D7022028AEC6C6009DB0CC /* Build configuration list for PBXProject "ChallengeDay77" */;
			compatibilityVersion = "Xcode 13.0";
			developmentRegion = en;
			hasScannedForEncodings = 0;
			knownRegions = (
				en,
				Base,
			);
			mainGroup = F4D7021C28AEC6C6009DB0CC;
			productRefGroup = F4D7022628AEC6C6009DB0CC /* Products */;
			projectDirPath = "";
			projectRoot = "";
			targets = (
				F4D7022428AEC6C6009DB0CC /* ChallengeDay77 */,
			);
		};
/* End PBXProject section */

/* Begin PBXResourcesBuildPhase section */
		F4D7022328AEC6C6009DB0CC /* Resources */ = {
			isa = PBXResourcesBuildPhase;
			buildActionMask = 2147483647;
			files = (
				F4D7023028AEC6C9009DB0CC /* Preview Assets.xcassets in Resources */,
				F4D7022D28AEC6C9009DB0CC /* Assets.xcassets in Resources */,
			);
			runOnlyForDeploymentPostprocessing = 0;
		};
/* End PBXResourcesBuildPhase section */

/* Begin PBXSourcesBuildPhase section */
		F4D7022128AEC6C6009DB0CC /* Sources */ = {
			isa = PBXSourcesBuildPhase;
			buildActionMask = 2147483647;
			files = (
				F4D7023D28AEF39A009DB0CC /* ImageView.swift in Sources */,
				F4D7023928AEC88E009DB0CC /* ImagePicker.swift in Sources */,
				F4CD6EC228B03BDD00BB1B91 /* UserImage.swift in Sources */,
				F4D7022B28AEC6C6009DB0CC /* ContentView.swift in Sources */,
				F4CD6EC928B0538F00BB1B91 /* ContentView-ViewModel.swift in Sources */,
				F4CD6EC628B041EC00BB1B91 /* FileManager-DocDirectory.swift in Sources */,
				F4D7023B28AEED28009DB0CC /* SelectImageView.swift in Sources */,
				F4D7022928AEC6C6009DB0CC /* ChallengeDay77App.swift in Sources */,
			);
			runOnlyForDeploymentPostprocessing = 0;
		};
/* End PBXSourcesBuildPhase section */

/* Begin XCBuildConfiguration section */
		F4D7023128AEC6C9009DB0CC /* Debug */ = {
			isa = XCBuildConfiguration;
			buildSettings = {
				ALWAYS_SEARCH_USER_PATHS = NO;
				CLANG_ANALYZER_NONNULL = YES;
				CLANG_ANALYZER_NUMBER_OBJECT_CONVERSION = YES_AGGRESSIVE;
				CLANG_CXX_LANGUAGE_STANDARD = "gnu++17";
				CLANG_ENABLE_MODULES = YES;
				CLANG_ENABLE_OBJC_ARC = YES;
				CLANG_ENABLE_OBJC_WEAK = YES;
				CLANG_WARN_BLOCK_CAPTURE_AUTORELEASING = YES;
				CLANG_WARN_BOOL_CONVERSION = YES;
				CLANG_WARN_COMMA = YES;
				CLANG_WARN_CONSTANT_CONVERSION = YES;
				CLANG_WARN_DEPRECATED_OBJC_IMPLEMENTATIONS = YES;
				CLANG_WARN_DIRECT_OBJC_ISA_USAGE = YES_ERROR;
				CLANG_WARN_DOCUMENTATION_COMMENTS = YES;
				CLANG_WARN_EMPTY_BODY = YES;
				CLANG_WARN_ENUM_CONVERSION = YES;
				CLANG_WARN_INFINITE_RECURSION = YES;
				CLANG_WARN_INT_CONVERSION = YES;
				CLANG_WARN_NON_LITERAL_NULL_CONVERSION = YES;
				CLANG_WARN_OBJC_IMPLICIT_RETAIN_SELF = YES;
				CLANG_WARN_OBJC_LITERAL_CONVERSION = YES;
				CLANG_WARN_OBJC_ROOT_CLASS = YES_ERROR;
				CLANG_WARN_QUOTED_INCLUDE_IN_FRAMEWORK_HEADER = YES;
				CLANG_WARN_RANGE_LOOP_ANALYSIS = YES;
				CLANG_WARN_STRICT_PROTOTYPES = YES;
				CLANG_WARN_SUSPICIOUS_MOVE = YES;
				CLANG_WARN_UNGUARDED_AVAILABILITY = YES_AGGRESSIVE;
				CLANG_WARN_UNREACHABLE_CODE = YES;
				CLANG_WARN__DUPLICATE_METHOD_MATCH = YES;
				COPY_PHASE_STRIP = NO;
				DEBUG_INFORMATION_FORMAT = dwarf;
				ENABLE_STRICT_OBJC_MSGSEND = YES;
				ENABLE_TESTABILITY = YES;
				GCC_C_LANGUAGE_STANDARD = gnu11;
				GCC_DYNAMIC_NO_PIC = NO;
				GCC_NO_COMMON_BLOCKS = YES;
				GCC_OPTIMIZATION_LEVEL = 0;
				GCC_PREPROCESSOR_DEFINITIONS = (
					"DEBUG=1",
					"$(inherited)",
				);
				GCC_WARN_64_TO_32_BIT_CONVERSION = YES;
				GCC_WARN_ABOUT_RETURN_TYPE = YES_ERROR;
				GCC_WARN_UNDECLARED_SELECTOR = YES;
				GCC_WARN_UNINITIALIZED_AUTOS = YES_AGGRESSIVE;
				GCC_WARN_UNUSED_FUNCTION = YES;
				GCC_WARN_UNUSED_VARIABLE = YES;
				IPHONEOS_DEPLOYMENT_TARGET = 15.5;
				MTL_ENABLE_DEBUG_INFO = INCLUDE_SOURCE;
				MTL_FAST_MATH = YES;
				ONLY_ACTIVE_ARCH = YES;
				SDKROOT = iphoneos;
				SWIFT_ACTIVE_COMPILATION_CONDITIONS = DEBUG;
				SWIFT_OPTIMIZATION_LEVEL = "-Onone";
			};
			name = Debug;
		};
		F4D7023228AEC6C9009DB0CC /* Release */ = {
			isa = XCBuildConfiguration;
			buildSettings = {
				ALWAYS_SEARCH_USER_PATHS = NO;
				CLANG_ANALYZER_NONNULL = YES;
				CLANG_ANALYZER_NUMBER_OBJECT_CONVERSION = YES_AGGRESSIVE;
				CLANG_CXX_LANGUAGE_STANDARD = "gnu++17";
				CLANG_ENABLE_MODULES = YES;
				CLANG_ENABLE_OBJC_ARC = YES;
				CLANG_ENABLE_OBJC_WEAK = YES;
				CLANG_WARN_BLOCK_CAPTURE_AUTORELEASING = YES;
				CLANG_WARN_BOOL_CONVERSION = YES;
				CLANG_WARN_COMMA = YES;
				CLANG_WARN_CONSTANT_CONVERSION = YES;
				CLANG_WARN_DEPRECATED_OBJC_IMPLEMENTATIONS = YES;
				CLANG_WARN_DIRECT_OBJC_ISA_USAGE = YES_ERROR;
				CLANG_WARN_DOCUMENTATION_COMMENTS = YES;
				CLANG_WARN_EMPTY_BODY = YES;
				CLANG_WARN_ENUM_CONVERSION = YES;
				CLANG_WARN_INFINITE_RECURSION = YES;
				CLANG_WARN_INT_CONVERSION = YES;
				CLANG_WARN_NON_LITERAL_NULL_CONVERSION = YES;
				CLANG_WARN_OBJC_IMPLICIT_RETAIN_SELF = YES;
				CLANG_WARN_OBJC_LITERAL_CONVERSION = YES;
				CLANG_WARN_OBJC_ROOT_CLASS = YES_ERROR;
				CLANG_WARN_QUOTED_INCLUDE_IN_FRAMEWORK_HEADER = YES;
				CLANG_WARN_RANGE_LOOP_ANALYSIS = YES;
				CLANG_WARN_STRICT_PROTOTYPES = YES;
				CLANG_WARN_SUSPICIOUS_MOVE = YES;
				CLANG_WARN_UNGUARDED_AVAILABILITY = YES_AGGRESSIVE;
				CLANG_WARN_UNREACHABLE_CODE = YES;
				CLANG_WARN__DUPLICATE_METHOD_MATCH = YES;
				COPY_PHASE_STRIP = NO;
				DEBUG_INFORMATION_FORMAT = "dwarf-with-dsym";
				ENABLE_NS_ASSERTIONS = NO;
				ENABLE_STRICT_OBJC_MSGSEND = YES;
				GCC_C_LANGUAGE_STANDARD = gnu11;
				GCC_NO_COMMON_BLOCKS = YES;
				GCC_WARN_64_TO_32_BIT_CONVERSION = YES;
				GCC_WARN_ABOUT_RETURN_TYPE = YES_ERROR;
				GCC_WARN_UNDECLARED_SELECTOR = YES;
				GCC_WARN_UNINITIALIZED_AUTOS = YES_AGGRESSIVE;
				GCC_WARN_UNUSED_FUNCTION = YES;
				GCC_WARN_UNUSED_VARIABLE = YES;
				IPHONEOS_DEPLOYMENT_TARGET = 15.5;
				MTL_ENABLE_DEBUG_INFO = NO;
				MTL_FAST_MATH = YES;
				SDKROOT = iphoneos;
				SWIFT_COMPILATION_MODE = wholemodule;
				SWIFT_OPTIMIZATION_LEVEL = "-O";
				VALIDATE_PRODUCT = YES;
			};
			name = Release;
		};
		F4D7023428AEC6C9009DB0CC /* Debug */ = {
			isa = XCBuildConfiguration;
			buildSettings = {
				ASSETCATALOG_COMPILER_APPICON_NAME = AppIcon;
				ASSETCATALOG_COMPILER_GLOBAL_ACCENT_COLOR_NAME = AccentColor;
				CODE_SIGN_STYLE = Automatic;
				CURRENT_PROJECT_VERSION = 1;
				DEVELOPMENT_ASSET_PATHS = "\"ChallengeDay77/Preview Content\"";
				DEVELOPMENT_TEAM = DD2C3FV6B6;
				ENABLE_PREVIEWS = YES;
				GENERATE_INFOPLIST_FILE = YES;
				INFOPLIST_KEY_UIApplicationSceneManifest_Generation = YES;
				INFOPLIST_KEY_UIApplicationSupportsIndirectInputEvents = YES;
				INFOPLIST_KEY_UILaunchScreen_Generation = YES;
				INFOPLIST_KEY_UISupportedInterfaceOrientations_iPad = "UIInterfaceOrientationPortrait UIInterfaceOrientationPortraitUpsideDown UIInterfaceOrientationLandscapeLeft UIInterfaceOrientationLandscapeRight";
				INFOPLIST_KEY_UISupportedInterfaceOrientations_iPhone = "UIInterfaceOrientationPortrait UIInterfaceOrientationLandscapeLeft UIInterfaceOrientationLandscapeRight";
				LD_RUNPATH_SEARCH_PATHS = (
					"$(inherited)",
					"@executable_path/Frameworks",
				);
				MARKETING_VERSION = 1.0;
				PRODUCT_BUNDLE_IDENTIFIER = com.ramonfelix.ChallengeDay77;
				PRODUCT_NAME = "$(TARGET_NAME)";
				SWIFT_EMIT_LOC_STRINGS = YES;
				SWIFT_VERSION = 5.0;
				TARGETED_DEVICE_FAMILY = "1,2";
			};
			name = Debug;
		};
		F4D7023528AEC6C9009DB0CC /* Release */ = {
			isa = XCBuildConfiguration;
			buildSettings = {
				ASSETCATALOG_COMPILER_APPICON_NAME = AppIcon;
				ASSETCATALOG_COMPILER_GLOBAL_ACCENT_COLOR_NAME = AccentColor;
				CODE_SIGN_STYLE = Automatic;
				CURRENT_PROJECT_VERSION = 1;
				DEVELOPMENT_ASSET_PATHS = "\"ChallengeDay77/Preview Content\"";
				DEVELOPMENT_TEAM = DD2C3FV6B6;
				ENABLE_PREVIEWS = YES;
				GENERATE_INFOPLIST_FILE = YES;
				INFOPLIST_KEY_UIApplicationSceneManifest_Generation = YES;
				INFOPLIST_KEY_UIApplicationSupportsIndirectInputEvents = YES;
				INFOPLIST_KEY_UILaunchScreen_Generation = YES;
				INFOPLIST_KEY_UISupportedInterfaceOrientations_iPad = "UIInterfaceOrientationPortrait UIInterfaceOrientationPortraitUpsideDown UIInterfaceOrientationLandscapeLeft UIInterfaceOrientationLandscapeRight";
				INFOPLIST_KEY_UISupportedInterfaceOrientations_iPhone = "UIInterfaceOrientationPortrait UIInterfaceOrientationLandscapeLeft UIInterfaceOrientationLandscapeRight";
				LD_RUNPATH_SEARCH_PATHS = (
					"$(inherited)",
					"@executable_path/Frameworks",
				);
				MARKETING_VERSION = 1.0;
				PRODUCT_BUNDLE_IDENTIFIER = com.ramonfelix.ChallengeDay77;
				PRODUCT_NAME = "$(TARGET_NAME)";
				SWIFT_EMIT_LOC_STRINGS = YES;
				SWIFT_VERSION = 5.0;
				TARGETED_DEVICE_FAMILY = "1,2";
			};
			name = Release;
		};
/* End XCBuildConfiguration section */

/* Begin XCConfigurationList section */
		F4D7022028AEC6C6009DB0CC /* Build configuration list for PBXProject "ChallengeDay77" */ = {
			isa = XCConfigurationList;
			buildConfigurations = (
				F4D7023128AEC6C9009DB0CC /* Debug */,
				F4D7023228AEC6C9009DB0CC /* Release */,
			);
			defaultConfigurationIsVisible = 0;
			defaultConfigurationName = Release;
		};
		F4D7023328AEC6C9009DB0CC /* Build configuration list for PBXNativeTarget "ChallengeDay77" */ = {
			isa = XCConfigurationList;
			buildConfigurations = (
				F4D7023428AEC6C9009DB0CC /* Debug */,
				F4D7023528AEC6C9009DB0CC /* Release */,
			);
			defaultConfigurationIsVisible = 0;
			defaultConfigurationName = Release;
		};
/* End XCConfigurationList section */
	};
	rootObject = F4D7021D28AEC6C6009DB0CC /* Project object */;
}
