// !$*UTF8*$!
{
	archiveVersion = 1;
	classes = {
	};
	objectVersion = 55;
	objects = {

/* Begin PBXBuildFile section */
		F6BB7DB128AC443B003B7E3E /* luxsoftoneApp.swift in Sources */ = {isa = PBXBuildFile; fileRef = F6BB7DB028AC443B003B7E3E /* luxsoftoneApp.swift */; };
		F6BB7DB328AC443B003B7E3E /* ContentView.swift in Sources */ = {isa = PBXBuildFile; fileRef = F6BB7DB228AC443B003B7E3E /* ContentView.swift */; };
		F6BB7DB528AC443C003B7E3E /* Assets.xcassets in Resources */ = {isa = PBXBuildFile; fileRef = F6BB7DB428AC443C003B7E3E /* Assets.xcassets */; };
		F6BB7DB828AC443C003B7E3E /* Preview Assets.xcassets in Resources */ = {isa = PBXBuildFile; fileRef = F6BB7DB728AC443C003B7E3E /* Preview Assets.xcassets */; };
		F6BB7DBF28AC46B5003B7E3E /* TodoJson.swift in Sources */ = {isa = PBXBuildFile; fileRef = F6BB7DBE28AC46B5003B7E3E /* TodoJson.swift */; };
		F6BB7DC128AC46EC003B7E3E /* JsonFile.json in Resources */ = {isa = PBXBuildFile; fileRef = F6BB7DC028AC46EC003B7E3E /* JsonFile.json */; };
/* End PBXBuildFile section */

/* Begin PBXFileReference section */
		F6BB7DAD28AC443B003B7E3E /* luxsoftone.app */ = {isa = PBXFileReference; explicitFileType = wrapper.application; includeInIndex = 0; path = luxsoftone.app; sourceTree = BUILT_PRODUCTS_DIR; };
		F6BB7DB028AC443B003B7E3E /* luxsoftoneApp.swift */ = {isa = PBXFileReference; lastKnownFileType = sourcecode.swift; path = luxsoftoneApp.swift; sourceTree = "<group>"; };
		F6BB7DB228AC443B003B7E3E /* ContentView.swift */ = {isa = PBXFileReference; lastKnownFileType = sourcecode.swift; path = ContentView.swift; sourceTree = "<group>"; };
		F6BB7DB428AC443C003B7E3E /* Assets.xcassets */ = {isa = PBXFileReference; lastKnownFileType = folder.assetcatalog; path = Assets.xcassets; sourceTree = "<group>"; };
		F6BB7DB728AC443C003B7E3E /* Preview Assets.xcassets */ = {isa = PBXFileReference; lastKnownFileType = folder.assetcatalog; path = "Preview Assets.xcassets"; sourceTree = "<group>"; };
		F6BB7DBE28AC46B5003B7E3E /* TodoJson.swift */ = {isa = PBXFileReference; lastKnownFileType = sourcecode.swift; path = TodoJson.swift; sourceTree = "<group>"; };
		F6BB7DC028AC46EC003B7E3E /* JsonFile.json */ = {isa = PBXFileReference; lastKnownFileType = text.json; path = JsonFile.json; sourceTree = "<group>"; };
/* End PBXFileReference section */

/* Begin PBXFrameworksBuildPhase section */
		F6BB7DAA28AC443B003B7E3E /* Frameworks */ = {
			isa = PBXFrameworksBuildPhase;
			buildActionMask = 2147483647;
			files = (
			);
			runOnlyForDeploymentPostprocessing = 0;
		};
/* End PBXFrameworksBuildPhase section */

/* Begin PBXGroup section */
		F6BB7DA428AC443B003B7E3E = {
			isa = PBXGroup;
			children = (
				F6BB7DAF28AC443B003B7E3E /* luxsoftone */,
				F6BB7DAE28AC443B003B7E3E /* Products */,
			);
			sourceTree = "<group>";
		};
		F6BB7DAE28AC443B003B7E3E /* Products */ = {
			isa = PBXGroup;
			children = (
				F6BB7DAD28AC443B003B7E3E /* luxsoftone.app */,
			);
			name = Products;
			sourceTree = "<group>";
		};
		F6BB7DAF28AC443B003B7E3E /* luxsoftone */ = {
			isa = PBXGroup;
			children = (
				F6BB7DB028AC443B003B7E3E /* luxsoftoneApp.swift */,
				F6BB7DB228AC443B003B7E3E /* ContentView.swift */,
				F6BB7DBE28AC46B5003B7E3E /* TodoJson.swift */,
				F6BB7DC028AC46EC003B7E3E /* JsonFile.json */,
				F6BB7DB428AC443C003B7E3E /* Assets.xcassets */,
				F6BB7DB628AC443C003B7E3E /* Preview Content */,
			);
			path = luxsoftone;
			sourceTree = "<group>";
		};
		F6BB7DB628AC443C003B7E3E /* Preview Content */ = {
			isa = PBXGroup;
			children = (
				F6BB7DB728AC443C003B7E3E /* Preview Assets.xcassets */,
			);
			path = "Preview Content";
			sourceTree = "<group>";
		};
/* End PBXGroup section */

/* Begin PBXNativeTarget section */
		F6BB7DAC28AC443B003B7E3E /* luxsoftone */ = {
			isa = PBXNativeTarget;
			buildConfigurationList = F6BB7DBB28AC443C003B7E3E /* Build configuration list for PBXNativeTarget "luxsoftone" */;
			buildPhases = (
				F6BB7DA928AC443B003B7E3E /* Sources */,
				F6BB7DAA28AC443B003B7E3E /* Frameworks */,
				F6BB7DAB28AC443B003B7E3E /* Resources */,
			);
			buildRules = (
			);
			dependencies = (
			);
			name = luxsoftone;
			productName = luxsoftone;
			productReference = F6BB7DAD28AC443B003B7E3E /* luxsoftone.app */;
			productType = "com.apple.product-type.application";
		};
/* End PBXNativeTarget section */

/* Begin PBXProject section */
		F6BB7DA528AC443B003B7E3E /* Project object */ = {
			isa = PBXProject;
			attributes = {
				BuildIndependentTargetsInParallel = 1;
				LastSwiftUpdateCheck = 1340;
				LastUpgradeCheck = 1340;
				TargetAttributes = {
					F6BB7DAC28AC443B003B7E3E = {
						CreatedOnToolsVersion = 13.4.1;
					};
				};
			};
			buildConfigurationList = F6BB7DA828AC443B003B7E3E /* Build configuration list for PBXProject "luxsoftone" */;
			compatibilityVersion = "Xcode 13.0";
			developmentRegion = en;
			hasScannedForEncodings = 0;
			knownRegions = (
				en,
				Base,
			);
			mainGroup = F6BB7DA428AC443B003B7E3E;
			productRefGroup = F6BB7DAE28AC443B003B7E3E /* Products */;
			projectDirPath = "";
			projectRoot = "";
			targets = (
				F6BB7DAC28AC443B003B7E3E /* luxsoftone */,
			);
		};
/* End PBXProject section */

/* Begin PBXResourcesBuildPhase section */
		F6BB7DAB28AC443B003B7E3E /* Resources */ = {
			isa = PBXResourcesBuildPhase;
			buildActionMask = 2147483647;
			files = (
				F6BB7DB828AC443C003B7E3E /* Preview Assets.xcassets in Resources */,
				F6BB7DC128AC46EC003B7E3E /* JsonFile.json in Resources */,
				F6BB7DB528AC443C003B7E3E /* Assets.xcassets in Resources */,
			);
			runOnlyForDeploymentPostprocessing = 0;
		};
/* End PBXResourcesBuildPhase section */

/* Begin PBXSourcesBuildPhase section */
		F6BB7DA928AC443B003B7E3E /* Sources */ = {
			isa = PBXSourcesBuildPhase;
			buildActionMask = 2147483647;
			files = (
				F6BB7DB328AC443B003B7E3E /* ContentView.swift in Sources */,
				F6BB7DB128AC443B003B7E3E /* luxsoftoneApp.swift in Sources */,
				F6BB7DBF28AC46B5003B7E3E /* TodoJson.swift in Sources */,
			);
			runOnlyForDeploymentPostprocessing = 0;
		};
/* End PBXSourcesBuildPhase section */

/* Begin XCBuildConfiguration section */
		F6BB7DB928AC443C003B7E3E /* Debug */ = {
			isa = XCBuildConfiguration;
			buildSettings = {
				ALWAYS_SEARCH_USER_PATHS = NO;
				CLANG_ANALYZER_NONNULL = YES;
				CLANG_ANALYZER_NUMBER_OBJECT_CONVERSION = YES_AGGRESSIVE;
				CLANG_CXX_LANGUAGE_STANDARD = "gnu++17";
				CLANG_ENABLE_MODULES = YES;
				CLANG_ENABLE_OBJC_ARC = YES;
				CLANG_ENABLE_OBJC_WEAK = YES;
				CLANG_WARN_BLOCK_CAPTURE_AUTORELEASING = YES;
				CLANG_WARN_BOOL_CONVERSION = YES;
				CLANG_WARN_COMMA = YES;
				CLANG_WARN_CONSTANT_CONVERSION = YES;
				CLANG_WARN_DEPRECATED_OBJC_IMPLEMENTATIONS = YES;
				CLANG_WARN_DIRECT_OBJC_ISA_USAGE = YES_ERROR;
				CLANG_WARN_DOCUMENTATION_COMMENTS = YES;
				CLANG_WARN_EMPTY_BODY = YES;
				CLANG_WARN_ENUM_CONVERSION = YES;
				CLANG_WARN_INFINITE_RECURSION = YES;
				CLANG_WARN_INT_CONVERSION = YES;
				CLANG_WARN_NON_LITERAL_NULL_CONVERSION = YES;
				CLANG_WARN_OBJC_IMPLICIT_RETAIN_SELF = YES;
				CLANG_WARN_OBJC_LITERAL_CONVERSION = YES;
				CLANG_WARN_OBJC_ROOT_CLASS = YES_ERROR;
				CLANG_WARN_QUOTED_INCLUDE_IN_FRAMEWORK_HEADER = YES;
				CLANG_WARN_RANGE_LOOP_ANALYSIS = YES;
				CLANG_WARN_STRICT_PROTOTYPES = YES;
				CLANG_WARN_SUSPICIOUS_MOVE = YES;
				CLANG_WARN_UNGUARDED_AVAILABILITY = YES_AGGRESSIVE;
				CLANG_WARN_UNREACHABLE_CODE = YES;
				CLANG_WARN__DUPLICATE_METHOD_MATCH = YES;
				COPY_PHASE_STRIP = NO;
				DEBUG_INFORMATION_FORMAT = dwarf;
				ENABLE_STRICT_OBJC_MSGSEND = YES;
				ENABLE_TESTABILITY = YES;
				GCC_C_LANGUAGE_STANDARD = gnu11;
				GCC_DYNAMIC_NO_PIC = NO;
				GCC_NO_COMMON_BLOCKS = YES;
				GCC_OPTIMIZATION_LEVEL = 0;
				GCC_PREPROCESSOR_DEFINITIONS = (
					"DEBUG=1",
					"$(inherited)",
				);
				GCC_WARN_64_TO_32_BIT_CONVERSION = YES;
				GCC_WARN_ABOUT_RETURN_TYPE = YES_ERROR;
				GCC_WARN_UNDECLARED_SELECTOR = YES;
				GCC_WARN_UNINITIALIZED_AUTOS = YES_AGGRESSIVE;
				GCC_WARN_UNUSED_FUNCTION = YES;
				GCC_WARN_UNUSED_VARIABLE = YES;
				IPHONEOS_DEPLOYMENT_TARGET = 15.5;
				MTL_ENABLE_DEBUG_INFO = INCLUDE_SOURCE;
				MTL_FAST_MATH = YES;
				ONLY_ACTIVE_ARCH = YES;
				SDKROOT = iphoneos;
				SWIFT_ACTIVE_COMPILATION_CONDITIONS = DEBUG;
				SWIFT_OPTIMIZATION_LEVEL = "-Onone";
			};
			name = Debug;
		};
		F6BB7DBA28AC443C003B7E3E /* Release */ = {
			isa = XCBuildConfiguration;
			buildSettings = {
				ALWAYS_SEARCH_USER_PATHS = NO;
				CLANG_ANALYZER_NONNULL = YES;
				CLANG_ANALYZER_NUMBER_OBJECT_CONVERSION = YES_AGGRESSIVE;
				CLANG_CXX_LANGUAGE_STANDARD = "gnu++17";
				CLANG_ENABLE_MODULES = YES;
				CLANG_ENABLE_OBJC_ARC = YES;
				CLANG_ENABLE_OBJC_WEAK = YES;
				CLANG_WARN_BLOCK_CAPTURE_AUTORELEASING = YES;
				CLANG_WARN_BOOL_CONVERSION = YES;
				CLANG_WARN_COMMA = YES;
				CLANG_WARN_CONSTANT_CONVERSION = YES;
				CLANG_WARN_DEPRECATED_OBJC_IMPLEMENTATIONS = YES;
				CLANG_WARN_DIRECT_OBJC_ISA_USAGE = YES_ERROR;
				CLANG_WARN_DOCUMENTATION_COMMENTS = YES;
				CLANG_WARN_EMPTY_BODY = YES;
				CLANG_WARN_ENUM_CONVERSION = YES;
				CLANG_WARN_INFINITE_RECURSION = YES;
				CLANG_WARN_INT_CONVERSION = YES;
				CLANG_WARN_NON_LITERAL_NULL_CONVERSION = YES;
				CLANG_WARN_OBJC_IMPLICIT_RETAIN_SELF = YES;
				CLANG_WARN_OBJC_LITERAL_CONVERSION = YES;
				CLANG_WARN_OBJC_ROOT_CLASS = YES_ERROR;
				CLANG_WARN_QUOTED_INCLUDE_IN_FRAMEWORK_HEADER = YES;
				CLANG_WARN_RANGE_LOOP_ANALYSIS = YES;
				CLANG_WARN_STRICT_PROTOTYPES = YES;
				CLANG_WARN_SUSPICIOUS_MOVE = YES;
				CLANG_WARN_UNGUARDED_AVAILABILITY = YES_AGGRESSIVE;
				CLANG_WARN_UNREACHABLE_CODE = YES;
				CLANG_WARN__DUPLICATE_METHOD_MATCH = YES;
				COPY_PHASE_STRIP = NO;
				DEBUG_INFORMATION_FORMAT = "dwarf-with-dsym";
				ENABLE_NS_ASSERTIONS = NO;
				ENABLE_STRICT_OBJC_MSGSEND = YES;
				GCC_C_LANGUAGE_STANDARD = gnu11;
				GCC_NO_COMMON_BLOCKS = YES;
				GCC_WARN_64_TO_32_BIT_CONVERSION = YES;
				GCC_WARN_ABOUT_RETURN_TYPE = YES_ERROR;
				GCC_WARN_UNDECLARED_SELECTOR = YES;
				GCC_WARN_UNINITIALIZED_AUTOS = YES_AGGRESSIVE;
				GCC_WARN_UNUSED_FUNCTION = YES;
				GCC_WARN_UNUSED_VARIABLE = YES;
				IPHONEOS_DEPLOYMENT_TARGET = 15.5;
				MTL_ENABLE_DEBUG_INFO = NO;
				MTL_FAST_MATH = YES;
				SDKROOT = iphoneos;
				SWIFT_COMPILATION_MODE = wholemodule;
				SWIFT_OPTIMIZATION_LEVEL = "-O";
				VALIDATE_PRODUCT = YES;
			};
			name = Release;
		};
		F6BB7DBC28AC443C003B7E3E /* Debug */ = {
			isa = XCBuildConfiguration;
			buildSettings = {
				ASSETCATALOG_COMPILER_APPICON_NAME = AppIcon;
				ASSETCATALOG_COMPILER_GLOBAL_ACCENT_COLOR_NAME = AccentColor;
				CODE_SIGN_STYLE = Automatic;
				CURRENT_PROJECT_VERSION = 1;
				DEVELOPMENT_ASSET_PATHS = "\"luxsoftone/Preview Content\"";
				ENABLE_PREVIEWS = YES;
				GENERATE_INFOPLIST_FILE = YES;
				INFOPLIST_KEY_UIApplicationSceneManifest_Generation = YES;
				INFOPLIST_KEY_UIApplicationSupportsIndirectInputEvents = YES;
				INFOPLIST_KEY_UILaunchScreen_Generation = YES;
				INFOPLIST_KEY_UISupportedInterfaceOrientations_iPad = "UIInterfaceOrientationPortrait UIInterfaceOrientationPortraitUpsideDown UIInterfaceOrientationLandscapeLeft UIInterfaceOrientationLandscapeRight";
				INFOPLIST_KEY_UISupportedInterfaceOrientations_iPhone = "UIInterfaceOrientationPortrait UIInterfaceOrientationLandscapeLeft UIInterfaceOrientationLandscapeRight";
				LD_RUNPATH_SEARCH_PATHS = (
					"$(inherited)",
					"@executable_path/Frameworks",
				);
				MARKETING_VERSION = 1.0;
				PRODUCT_BUNDLE_IDENTIFIER = com.ramonfelix.luxsoftone;
				PRODUCT_NAME = "$(TARGET_NAME)";
				SWIFT_EMIT_LOC_STRINGS = YES;
				SWIFT_VERSION = 5.0;
				TARGETED_DEVICE_FAMILY = "1,2";
			};
			name = Debug;
		};
		F6BB7DBD28AC443C003B7E3E /* Release */ = {
			isa = XCBuildConfiguration;
			buildSettings = {
				ASSETCATALOG_COMPILER_APPICON_NAME = AppIcon;
				ASSETCATALOG_COMPILER_GLOBAL_ACCENT_COLOR_NAME = AccentColor;
				CODE_SIGN_STYLE = Automatic;
				CURRENT_PROJECT_VERSION = 1;
				DEVELOPMENT_ASSET_PATHS = "\"luxsoftone/Preview Content\"";
				ENABLE_PREVIEWS = YES;
				GENERATE_INFOPLIST_FILE = YES;
				INFOPLIST_KEY_UIApplicationSceneManifest_Generation = YES;
				INFOPLIST_KEY_UIApplicationSupportsIndirectInputEvents = YES;
				INFOPLIST_KEY_UILaunchScreen_Generation = YES;
				INFOPLIST_KEY_UISupportedInterfaceOrientations_iPad = "UIInterfaceOrientationPortrait UIInterfaceOrientationPortraitUpsideDown UIInterfaceOrientationLandscapeLeft UIInterfaceOrientationLandscapeRight";
				INFOPLIST_KEY_UISupportedInterfaceOrientations_iPhone = "UIInterfaceOrientationPortrait UIInterfaceOrientationLandscapeLeft UIInterfaceOrientationLandscapeRight";
				LD_RUNPATH_SEARCH_PATHS = (
					"$(inherited)",
					"@executable_path/Frameworks",
				);
				MARKETING_VERSION = 1.0;
				PRODUCT_BUNDLE_IDENTIFIER = com.ramonfelix.luxsoftone;
				PRODUCT_NAME = "$(TARGET_NAME)";
				SWIFT_EMIT_LOC_STRINGS = YES;
				SWIFT_VERSION = 5.0;
				TARGETED_DEVICE_FAMILY = "1,2";
			};
			name = Release;
		};
/* End XCBuildConfiguration section */

/* Begin XCConfigurationList section */
		F6BB7DA828AC443B003B7E3E /* Build configuration list for PBXProject "luxsoftone" */ = {
			isa = XCConfigurationList;
			buildConfigurations = (
				F6BB7DB928AC443C003B7E3E /* Debug */,
				F6BB7DBA28AC443C003B7E3E /* Release */,
			);
			defaultConfigurationIsVisible = 0;
			defaultConfigurationName = Release;
		};
		F6BB7DBB28AC443C003B7E3E /* Build configuration list for PBXNativeTarget "luxsoftone" */ = {
			isa = XCConfigurationList;
			buildConfigurations = (
				F6BB7DBC28AC443C003B7E3E /* Debug */,
				F6BB7DBD28AC443C003B7E3E /* Release */,
			);
			defaultConfigurationIsVisible = 0;
			defaultConfigurationName = Release;
		};
/* End XCConfigurationList section */
	};
	rootObject = F6BB7DA528AC443B003B7E3E /* Project object */;
}
