// !$*UTF8*$!
{
	archiveVersion = 1;
	classes = {
	};
	objectVersion = 55;
	objects = {

/* Begin PBXBuildFile section */
		F631188E287B7FDA00243346 /* Color-Theme.swift in Sources */ = {isa = PBXBuildFile; fileRef = F631188D287B7FDA00243346 /* Color-Theme.swift */; };
		F6311890287B84B000243346 /* MissionView.swift in Sources */ = {isa = PBXBuildFile; fileRef = F631188F287B84B000243346 /* MissionView.swift */; };
		F6311892287B91E900243346 /* AstronautView.swift in Sources */ = {isa = PBXBuildFile; fileRef = F6311891287B91E900243346 /* AstronautView.swift */; };
		F6345643287D2B73004F5EF5 /* GridView.swift in Sources */ = {isa = PBXBuildFile; fileRef = F6345642287D2B73004F5EF5 /* GridView.swift */; };
		F6345645287D2B88004F5EF5 /* ListView.swift in Sources */ = {isa = PBXBuildFile; fileRef = F6345644287D2B88004F5EF5 /* ListView.swift */; };
		F68AFBAF287A1EA5001065A1 /* MoonshotApp.swift in Sources */ = {isa = PBXBuildFile; fileRef = F68AFBAE287A1EA5001065A1 /* MoonshotApp.swift */; };
		F68AFBB1287A1EA5001065A1 /* ContentView.swift in Sources */ = {isa = PBXBuildFile; fileRef = F68AFBB0287A1EA5001065A1 /* ContentView.swift */; };
		F68AFBB3287A1EA6001065A1 /* Assets.xcassets in Resources */ = {isa = PBXBuildFile; fileRef = F68AFBB2287A1EA6001065A1 /* Assets.xcassets */; };
		F68AFBB6287A1EA6001065A1 /* Preview Assets.xcassets in Resources */ = {isa = PBXBuildFile; fileRef = F68AFBB5287A1EA6001065A1 /* Preview Assets.xcassets */; };
		F68AFBBE287A361E001065A1 /* missions.json in Resources */ = {isa = PBXBuildFile; fileRef = F68AFBBC287A361E001065A1 /* missions.json */; };
		F68AFBBF287A361E001065A1 /* astronauts.json in Resources */ = {isa = PBXBuildFile; fileRef = F68AFBBD287A361E001065A1 /* astronauts.json */; };
		F68AFBC1287A3677001065A1 /* Astronaut.swift in Sources */ = {isa = PBXBuildFile; fileRef = F68AFBC0287A3677001065A1 /* Astronaut.swift */; };
		F68AFBC3287A3706001065A1 /* Bundle-Decodable.swift in Sources */ = {isa = PBXBuildFile; fileRef = F68AFBC2287A3706001065A1 /* Bundle-Decodable.swift */; };
		F68AFBC5287A3B89001065A1 /* Mission.swift in Sources */ = {isa = PBXBuildFile; fileRef = F68AFBC4287A3B89001065A1 /* Mission.swift */; };
/* End PBXBuildFile section */

/* Begin PBXFileReference section */
		F631188D287B7FDA00243346 /* Color-Theme.swift */ = {isa = PBXFileReference; lastKnownFileType = sourcecode.swift; path = "Color-Theme.swift"; sourceTree = "<group>"; };
		F631188F287B84B000243346 /* MissionView.swift */ = {isa = PBXFileReference; lastKnownFileType = sourcecode.swift; path = MissionView.swift; sourceTree = "<group>"; };
		F6311891287B91E900243346 /* AstronautView.swift */ = {isa = PBXFileReference; lastKnownFileType = sourcecode.swift; path = AstronautView.swift; sourceTree = "<group>"; };
		F6345642287D2B73004F5EF5 /* GridView.swift */ = {isa = PBXFileReference; lastKnownFileType = sourcecode.swift; path = GridView.swift; sourceTree = "<group>"; };
		F6345644287D2B88004F5EF5 /* ListView.swift */ = {isa = PBXFileReference; lastKnownFileType = sourcecode.swift; path = ListView.swift; sourceTree = "<group>"; };
		F68AFBAB287A1EA5001065A1 /* Moonshot.app */ = {isa = PBXFileReference; explicitFileType = wrapper.application; includeInIndex = 0; path = Moonshot.app; sourceTree = BUILT_PRODUCTS_DIR; };
		F68AFBAE287A1EA5001065A1 /* MoonshotApp.swift */ = {isa = PBXFileReference; lastKnownFileType = sourcecode.swift; path = MoonshotApp.swift; sourceTree = "<group>"; };
		F68AFBB0287A1EA5001065A1 /* ContentView.swift */ = {isa = PBXFileReference; lastKnownFileType = sourcecode.swift; path = ContentView.swift; sourceTree = "<group>"; };
		F68AFBB2287A1EA6001065A1 /* Assets.xcassets */ = {isa = PBXFileReference; lastKnownFileType = folder.assetcatalog; path = Assets.xcassets; sourceTree = "<group>"; };
		F68AFBB5287A1EA6001065A1 /* Preview Assets.xcassets */ = {isa = PBXFileReference; lastKnownFileType = folder.assetcatalog; path = "Preview Assets.xcassets"; sourceTree = "<group>"; };
		F68AFBBC287A361E001065A1 /* missions.json */ = {isa = PBXFileReference; fileEncoding = 4; lastKnownFileType = text.json; path = missions.json; sourceTree = "<group>"; };
		F68AFBBD287A361E001065A1 /* astronauts.json */ = {isa = PBXFileReference; fileEncoding = 4; lastKnownFileType = text.json; path = astronauts.json; sourceTree = "<group>"; };
		F68AFBC0287A3677001065A1 /* Astronaut.swift */ = {isa = PBXFileReference; lastKnownFileType = sourcecode.swift; path = Astronaut.swift; sourceTree = "<group>"; };
		F68AFBC2287A3706001065A1 /* Bundle-Decodable.swift */ = {isa = PBXFileReference; lastKnownFileType = sourcecode.swift; path = "Bundle-Decodable.swift"; sourceTree = "<group>"; };
		F68AFBC4287A3B89001065A1 /* Mission.swift */ = {isa = PBXFileReference; lastKnownFileType = sourcecode.swift; path = Mission.swift; sourceTree = "<group>"; };
/* End PBXFileReference section */

/* Begin PBXFrameworksBuildPhase section */
		F68AFBA8287A1EA5001065A1 /* Frameworks */ = {
			isa = PBXFrameworksBuildPhase;
			buildActionMask = 2147483647;
			files = (
			);
			runOnlyForDeploymentPostprocessing = 0;
		};
/* End PBXFrameworksBuildPhase section */

/* Begin PBXGroup section */
		F68AFBA2287A1EA5001065A1 = {
			isa = PBXGroup;
			children = (
				F68AFBAD287A1EA5001065A1 /* Moonshot */,
				F68AFBAC287A1EA5001065A1 /* Products */,
			);
			sourceTree = "<group>";
		};
		F68AFBAC287A1EA5001065A1 /* Products */ = {
			isa = PBXGroup;
			children = (
				F68AFBAB287A1EA5001065A1 /* Moonshot.app */,
			);
			name = Products;
			sourceTree = "<group>";
		};
		F68AFBAD287A1EA5001065A1 /* Moonshot */ = {
			isa = PBXGroup;
			children = (
				F68AFBAE287A1EA5001065A1 /* MoonshotApp.swift */,
				F68AFBB0287A1EA5001065A1 /* ContentView.swift */,
				F6345642287D2B73004F5EF5 /* GridView.swift */,
				F6345644287D2B88004F5EF5 /* ListView.swift */,
				F631188F287B84B000243346 /* MissionView.swift */,
				F6311891287B91E900243346 /* AstronautView.swift */,
				F68AFBC2287A3706001065A1 /* Bundle-Decodable.swift */,
				F68AFBC0287A3677001065A1 /* Astronaut.swift */,
				F68AFBC4287A3B89001065A1 /* Mission.swift */,
				F631188D287B7FDA00243346 /* Color-Theme.swift */,
				F68AFBB2287A1EA6001065A1 /* Assets.xcassets */,
				F68AFBBD287A361E001065A1 /* astronauts.json */,
				F68AFBBC287A361E001065A1 /* missions.json */,
				F68AFBB4287A1EA6001065A1 /* Preview Content */,
			);
			path = Moonshot;
			sourceTree = "<group>";
		};
		F68AFBB4287A1EA6001065A1 /* Preview Content */ = {
			isa = PBXGroup;
			children = (
				F68AFBB5287A1EA6001065A1 /* Preview Assets.xcassets */,
			);
			path = "Preview Content";
			sourceTree = "<group>";
		};
/* End PBXGroup section */

/* Begin PBXNativeTarget section */
		F68AFBAA287A1EA5001065A1 /* Moonshot */ = {
			isa = PBXNativeTarget;
			buildConfigurationList = F68AFBB9287A1EA6001065A1 /* Build configuration list for PBXNativeTarget "Moonshot" */;
			buildPhases = (
				F68AFBA7287A1EA5001065A1 /* Sources */,
				F68AFBA8287A1EA5001065A1 /* Frameworks */,
				F68AFBA9287A1EA5001065A1 /* Resources */,
			);
			buildRules = (
			);
			dependencies = (
			);
			name = Moonshot;
			productName = Moonshot;
			productReference = F68AFBAB287A1EA5001065A1 /* Moonshot.app */;
			productType = "com.apple.product-type.application";
		};
/* End PBXNativeTarget section */

/* Begin PBXProject section */
		F68AFBA3287A1EA5001065A1 /* Project object */ = {
			isa = PBXProject;
			attributes = {
				BuildIndependentTargetsInParallel = 1;
				LastSwiftUpdateCheck = 1340;
				LastUpgradeCheck = 1340;
				TargetAttributes = {
					F68AFBAA287A1EA5001065A1 = {
						CreatedOnToolsVersion = 13.4;
					};
				};
			};
			buildConfigurationList = F68AFBA6287A1EA5001065A1 /* Build configuration list for PBXProject "Moonshot" */;
			compatibilityVersion = "Xcode 13.0";
			developmentRegion = en;
			hasScannedForEncodings = 0;
			knownRegions = (
				en,
				Base,
			);
			mainGroup = F68AFBA2287A1EA5001065A1;
			productRefGroup = F68AFBAC287A1EA5001065A1 /* Products */;
			projectDirPath = "";
			projectRoot = "";
			targets = (
				F68AFBAA287A1EA5001065A1 /* Moonshot */,
			);
		};
/* End PBXProject section */

/* Begin PBXResourcesBuildPhase section */
		F68AFBA9287A1EA5001065A1 /* Resources */ = {
			isa = PBXResourcesBuildPhase;
			buildActionMask = 2147483647;
			files = (
				F68AFBB6287A1EA6001065A1 /* Preview Assets.xcassets in Resources */,
				F68AFBBE287A361E001065A1 /* missions.json in Resources */,
				F68AFBB3287A1EA6001065A1 /* Assets.xcassets in Resources */,
				F68AFBBF287A361E001065A1 /* astronauts.json in Resources */,
			);
			runOnlyForDeploymentPostprocessing = 0;
		};
/* End PBXResourcesBuildPhase section */

/* Begin PBXSourcesBuildPhase section */
		F68AFBA7287A1EA5001065A1 /* Sources */ = {
			isa = PBXSourcesBuildPhase;
			buildActionMask = 2147483647;
			files = (
				F6311890287B84B000243346 /* MissionView.swift in Sources */,
				F68AFBC1287A3677001065A1 /* Astronaut.swift in Sources */,
				F6345645287D2B88004F5EF5 /* ListView.swift in Sources */,
				F6311892287B91E900243346 /* AstronautView.swift in Sources */,
				F631188E287B7FDA00243346 /* Color-Theme.swift in Sources */,
				F68AFBB1287A1EA5001065A1 /* ContentView.swift in Sources */,
				F68AFBAF287A1EA5001065A1 /* MoonshotApp.swift in Sources */,
				F68AFBC5287A3B89001065A1 /* Mission.swift in Sources */,
				F6345643287D2B73004F5EF5 /* GridView.swift in Sources */,
				F68AFBC3287A3706001065A1 /* Bundle-Decodable.swift in Sources */,
			);
			runOnlyForDeploymentPostprocessing = 0;
		};
/* End PBXSourcesBuildPhase section */

/* Begin XCBuildConfiguration section */
		F68AFBB7287A1EA6001065A1 /* Debug */ = {
			isa = XCBuildConfiguration;
			buildSettings = {
				ALWAYS_SEARCH_USER_PATHS = NO;
				CLANG_ANALYZER_NONNULL = YES;
				CLANG_ANALYZER_NUMBER_OBJECT_CONVERSION = YES_AGGRESSIVE;
				CLANG_CXX_LANGUAGE_STANDARD = "gnu++17";
				CLANG_ENABLE_MODULES = YES;
				CLANG_ENABLE_OBJC_ARC = YES;
				CLANG_ENABLE_OBJC_WEAK = YES;
				CLANG_WARN_BLOCK_CAPTURE_AUTORELEASING = YES;
				CLANG_WARN_BOOL_CONVERSION = YES;
				CLANG_WARN_COMMA = YES;
				CLANG_WARN_CONSTANT_CONVERSION = YES;
				CLANG_WARN_DEPRECATED_OBJC_IMPLEMENTATIONS = YES;
				CLANG_WARN_DIRECT_OBJC_ISA_USAGE = YES_ERROR;
				CLANG_WARN_DOCUMENTATION_COMMENTS = YES;
				CLANG_WARN_EMPTY_BODY = YES;
				CLANG_WARN_ENUM_CONVERSION = YES;
				CLANG_WARN_INFINITE_RECURSION = YES;
				CLANG_WARN_INT_CONVERSION = YES;
				CLANG_WARN_NON_LITERAL_NULL_CONVERSION = YES;
				CLANG_WARN_OBJC_IMPLICIT_RETAIN_SELF = YES;
				CLANG_WARN_OBJC_LITERAL_CONVERSION = YES;
				CLANG_WARN_OBJC_ROOT_CLASS = YES_ERROR;
				CLANG_WARN_QUOTED_INCLUDE_IN_FRAMEWORK_HEADER = YES;
				CLANG_WARN_RANGE_LOOP_ANALYSIS = YES;
				CLANG_WARN_STRICT_PROTOTYPES = YES;
				CLANG_WARN_SUSPICIOUS_MOVE = YES;
				CLANG_WARN_UNGUARDED_AVAILABILITY = YES_AGGRESSIVE;
				CLANG_WARN_UNREACHABLE_CODE = YES;
				CLANG_WARN__DUPLICATE_METHOD_MATCH = YES;
				COPY_PHASE_STRIP = NO;
				DEBUG_INFORMATION_FORMAT = dwarf;
				ENABLE_STRICT_OBJC_MSGSEND = YES;
				ENABLE_TESTABILITY = YES;
				GCC_C_LANGUAGE_STANDARD = gnu11;
				GCC_DYNAMIC_NO_PIC = NO;
				GCC_NO_COMMON_BLOCKS = YES;
				GCC_OPTIMIZATION_LEVEL = 0;
				GCC_PREPROCESSOR_DEFINITIONS = (
					"DEBUG=1",
					"$(inherited)",
				);
				GCC_WARN_64_TO_32_BIT_CONVERSION = YES;
				GCC_WARN_ABOUT_RETURN_TYPE = YES_ERROR;
				GCC_WARN_UNDECLARED_SELECTOR = YES;
				GCC_WARN_UNINITIALIZED_AUTOS = YES_AGGRESSIVE;
				GCC_WARN_UNUSED_FUNCTION = YES;
				GCC_WARN_UNUSED_VARIABLE = YES;
				IPHONEOS_DEPLOYMENT_TARGET = 15.5;
				MTL_ENABLE_DEBUG_INFO = INCLUDE_SOURCE;
				MTL_FAST_MATH = YES;
				ONLY_ACTIVE_ARCH = YES;
				SDKROOT = iphoneos;
				SWIFT_ACTIVE_COMPILATION_CONDITIONS = DEBUG;
				SWIFT_OPTIMIZATION_LEVEL = "-Onone";
			};
			name = Debug;
		};
		F68AFBB8287A1EA6001065A1 /* Release */ = {
			isa = XCBuildConfiguration;
			buildSettings = {
				ALWAYS_SEARCH_USER_PATHS = NO;
				CLANG_ANALYZER_NONNULL = YES;
				CLANG_ANALYZER_NUMBER_OBJECT_CONVERSION = YES_AGGRESSIVE;
				CLANG_CXX_LANGUAGE_STANDARD = "gnu++17";
				CLANG_ENABLE_MODULES = YES;
				CLANG_ENABLE_OBJC_ARC = YES;
				CLANG_ENABLE_OBJC_WEAK = YES;
				CLANG_WARN_BLOCK_CAPTURE_AUTORELEASING = YES;
				CLANG_WARN_BOOL_CONVERSION = YES;
				CLANG_WARN_COMMA = YES;
				CLANG_WARN_CONSTANT_CONVERSION = YES;
				CLANG_WARN_DEPRECATED_OBJC_IMPLEMENTATIONS = YES;
				CLANG_WARN_DIRECT_OBJC_ISA_USAGE = YES_ERROR;
				CLANG_WARN_DOCUMENTATION_COMMENTS = YES;
				CLANG_WARN_EMPTY_BODY = YES;
				CLANG_WARN_ENUM_CONVERSION = YES;
				CLANG_WARN_INFINITE_RECURSION = YES;
				CLANG_WARN_INT_CONVERSION = YES;
				CLANG_WARN_NON_LITERAL_NULL_CONVERSION = YES;
				CLANG_WARN_OBJC_IMPLICIT_RETAIN_SELF = YES;
				CLANG_WARN_OBJC_LITERAL_CONVERSION = YES;
				CLANG_WARN_OBJC_ROOT_CLASS = YES_ERROR;
				CLANG_WARN_QUOTED_INCLUDE_IN_FRAMEWORK_HEADER = YES;
				CLANG_WARN_RANGE_LOOP_ANALYSIS = YES;
				CLANG_WARN_STRICT_PROTOTYPES = YES;
				CLANG_WARN_SUSPICIOUS_MOVE = YES;
				CLANG_WARN_UNGUARDED_AVAILABILITY = YES_AGGRESSIVE;
				CLANG_WARN_UNREACHABLE_CODE = YES;
				CLANG_WARN__DUPLICATE_METHOD_MATCH = YES;
				COPY_PHASE_STRIP = NO;
				DEBUG_INFORMATION_FORMAT = "dwarf-with-dsym";
				ENABLE_NS_ASSERTIONS = NO;
				ENABLE_STRICT_OBJC_MSGSEND = YES;
				GCC_C_LANGUAGE_STANDARD = gnu11;
				GCC_NO_COMMON_BLOCKS = YES;
				GCC_WARN_64_TO_32_BIT_CONVERSION = YES;
				GCC_WARN_ABOUT_RETURN_TYPE = YES_ERROR;
				GCC_WARN_UNDECLARED_SELECTOR = YES;
				GCC_WARN_UNINITIALIZED_AUTOS = YES_AGGRESSIVE;
				GCC_WARN_UNUSED_FUNCTION = YES;
				GCC_WARN_UNUSED_VARIABLE = YES;
				IPHONEOS_DEPLOYMENT_TARGET = 15.5;
				MTL_ENABLE_DEBUG_INFO = NO;
				MTL_FAST_MATH = YES;
				SDKROOT = iphoneos;
				SWIFT_COMPILATION_MODE = wholemodule;
				SWIFT_OPTIMIZATION_LEVEL = "-O";
				VALIDATE_PRODUCT = YES;
			};
			name = Release;
		};
		F68AFBBA287A1EA6001065A1 /* Debug */ = {
			isa = XCBuildConfiguration;
			buildSettings = {
				ASSETCATALOG_COMPILER_APPICON_NAME = AppIcon;
				ASSETCATALOG_COMPILER_GLOBAL_ACCENT_COLOR_NAME = AccentColor;
				CODE_SIGN_STYLE = Automatic;
				CURRENT_PROJECT_VERSION = 1;
				DEVELOPMENT_ASSET_PATHS = "\"Moonshot/Preview Content\"";
				DEVELOPMENT_TEAM = DD2C3FV6B6;
				ENABLE_PREVIEWS = YES;
				GENERATE_INFOPLIST_FILE = YES;
				INFOPLIST_KEY_UIApplicationSceneManifest_Generation = YES;
				INFOPLIST_KEY_UIApplicationSupportsIndirectInputEvents = YES;
				INFOPLIST_KEY_UILaunchScreen_Generation = YES;
				INFOPLIST_KEY_UISupportedInterfaceOrientations_iPad = "UIInterfaceOrientationPortrait UIInterfaceOrientationPortraitUpsideDown UIInterfaceOrientationLandscapeLeft UIInterfaceOrientationLandscapeRight";
				INFOPLIST_KEY_UISupportedInterfaceOrientations_iPhone = "UIInterfaceOrientationPortrait UIInterfaceOrientationLandscapeLeft UIInterfaceOrientationLandscapeRight";
				LD_RUNPATH_SEARCH_PATHS = (
					"$(inherited)",
					"@executable_path/Frameworks",
				);
				MARKETING_VERSION = 1.0;
				PRODUCT_BUNDLE_IDENTIFIER = com.ramonfelix.Moonshot;
				PRODUCT_NAME = "$(TARGET_NAME)";
				SWIFT_EMIT_LOC_STRINGS = YES;
				SWIFT_VERSION = 5.0;
				TARGETED_DEVICE_FAMILY = "1,2";
			};
			name = Debug;
		};
		F68AFBBB287A1EA6001065A1 /* Release */ = {
			isa = XCBuildConfiguration;
			buildSettings = {
				ASSETCATALOG_COMPILER_APPICON_NAME = AppIcon;
				ASSETCATALOG_COMPILER_GLOBAL_ACCENT_COLOR_NAME = AccentColor;
				CODE_SIGN_STYLE = Automatic;
				CURRENT_PROJECT_VERSION = 1;
				DEVELOPMENT_ASSET_PATHS = "\"Moonshot/Preview Content\"";
				DEVELOPMENT_TEAM = DD2C3FV6B6;
				ENABLE_PREVIEWS = YES;
				GENERATE_INFOPLIST_FILE = YES;
				INFOPLIST_KEY_UIApplicationSceneManifest_Generation = YES;
				INFOPLIST_KEY_UIApplicationSupportsIndirectInputEvents = YES;
				INFOPLIST_KEY_UILaunchScreen_Generation = YES;
				INFOPLIST_KEY_UISupportedInterfaceOrientations_iPad = "UIInterfaceOrientationPortrait UIInterfaceOrientationPortraitUpsideDown UIInterfaceOrientationLandscapeLeft UIInterfaceOrientationLandscapeRight";
				INFOPLIST_KEY_UISupportedInterfaceOrientations_iPhone = "UIInterfaceOrientationPortrait UIInterfaceOrientationLandscapeLeft UIInterfaceOrientationLandscapeRight";
				LD_RUNPATH_SEARCH_PATHS = (
					"$(inherited)",
					"@executable_path/Frameworks",
				);
				MARKETING_VERSION = 1.0;
				PRODUCT_BUNDLE_IDENTIFIER = com.ramonfelix.Moonshot;
				PRODUCT_NAME = "$(TARGET_NAME)";
				SWIFT_EMIT_LOC_STRINGS = YES;
				SWIFT_VERSION = 5.0;
				TARGETED_DEVICE_FAMILY = "1,2";
			};
			name = Release;
		};
/* End XCBuildConfiguration section */

/* Begin XCConfigurationList section */
		F68AFBA6287A1EA5001065A1 /* Build configuration list for PBXProject "Moonshot" */ = {
			isa = XCConfigurationList;
			buildConfigurations = (
				F68AFBB7287A1EA6001065A1 /* Debug */,
				F68AFBB8287A1EA6001065A1 /* Release */,
			);
			defaultConfigurationIsVisible = 0;
			defaultConfigurationName = Release;
		};
		F68AFBB9287A1EA6001065A1 /* Build configuration list for PBXNativeTarget "Moonshot" */ = {
			isa = XCConfigurationList;
			buildConfigurations = (
				F68AFBBA287A1EA6001065A1 /* Debug */,
				F68AFBBB287A1EA6001065A1 /* Release */,
			);
			defaultConfigurationIsVisible = 0;
			defaultConfigurationName = Release;
		};
/* End XCConfigurationList section */
	};
	rootObject = F68AFBA3287A1EA5001065A1 /* Project object */;
}
